
Microsoft Visual Studio Solution File, Format Version 12.00
# Visual Studio Version 16
VisualStudioVersion = 16.0.31205.134
MinimumVisualStudioVersion = 10.0.40219.1
Project("{9A19103F-16F7-4668-BE54-9A1E7A4F7556}") = "Samples.RabbitmqWithMasstransit.Receiver", "Samples.RabbitmqWithMasstransit.Receiver\Samples.RabbitmqWithMasstransit.Receiver.csproj", "{B14292DE-14A1-4A62-89D3-194DACE9449F}"
EndProject
Project("{9A19103F-16F7-4668-BE54-9A1E7A4F7556}") = "Samples.Messages", "Samples.Messages\Samples.Messages.csproj", "{DAB11488-C9F9-4F3B-A074-B0EB574907FE}"
EndProject
Project("{9A19103F-16F7-4668-BE54-9A1E7A4F7556}") = "Samples.RabbitmqWithMasstransit.Publisher", "Samples.RabbitmqWithMasstransit.Publisher\Samples.RabbitmqWithMasstransit.Publisher.csproj", "{D31AE5C1-39B7-41FD-909A-7FC389B32E11}"
EndProject
Project("{9A19103F-16F7-4668-BE54-9A1E7A4F7556}") = "Samples.TopshelfService", "Samples.TopshelfService\Samples.TopshelfService.csproj", "{C65FDFFA-C4CE-4D4E-8C36-63F3B399B9C5}"
EndProject
Project("{9A19103F-16F7-4668-BE54-9A1E7A4F7556}") = "Samples.Web", "Samples.Web\Samples.Web.csproj", "{3AEFCE57-0FBE-4085-A2E4-9FADEFFDC915}"
EndProject
Project("{FAE04EC0-301F-11D3-BF4B-00C04F79EFBC}") = "SampleDockerCS2", "SampleDockerCS2\SampleDockerCS2.csproj", "{734F7AD3-3546-499D-BB3D-92B65176DB54}"
EndProject
Global
	GlobalSection(SolutionConfigurationPlatforms) = preSolution
		2017 Debug|Any CPU = 2017 Debug|Any CPU
		2017 Release|Any CPU = 2017 Release|Any CPU
		2018 Debug|Any CPU = 2018 Debug|Any CPU
		2018 Release|Any CPU = 2018 Release|Any CPU
		2019 Debug|Any CPU = 2019 Debug|Any CPU
		2019 Release|Any CPU = 2019 Release|Any CPU
		2020 Debug|Any CPU = 2020 Debug|Any CPU
		2020 Release|Any CPU = 2020 Release|Any CPU
		2021 Debug|Any CPU = 2021 Debug|Any CPU
		2021 Release|Any CPU = 2021 Release|Any CPU
		Debug|Any CPU = Debug|Any CPU
		Release|Any CPU = Release|Any CPU
		X7 Debug|Any CPU = X7 Debug|Any CPU
		X7 Release|Any CPU = X7 Release|Any CPU
		X8 Debug|Any CPU = X8 Debug|Any CPU
		X8 Release|Any CPU = X8 Release|Any CPU
	EndGlobalSection
	GlobalSection(ProjectConfigurationPlatforms) = postSolution
		{B14292DE-14A1-4A62-89D3-194DACE9449F}.2017 Debug|Any CPU.ActiveCfg = Debug|Any CPU
		{B14292DE-14A1-4A62-89D3-194DACE9449F}.2017 Release|Any CPU.ActiveCfg = Release|Any CPU
		{B14292DE-14A1-4A62-89D3-194DACE9449F}.2018 Debug|Any CPU.ActiveCfg = Debug|Any CPU
		{B14292DE-14A1-4A62-89D3-194DACE9449F}.2018 Release|Any CPU.ActiveCfg = Release|Any CPU
		{B14292DE-14A1-4A62-89D3-194DACE9449F}.2019 Debug|Any CPU.ActiveCfg = Debug|Any CPU
		{B14292DE-14A1-4A62-89D3-194DACE9449F}.2019 Release|Any CPU.ActiveCfg = Release|Any CPU
		{B14292DE-14A1-4A62-89D3-194DACE9449F}.2020 Debug|Any CPU.ActiveCfg = Debug|Any CPU
		{B14292DE-14A1-4A62-89D3-194DACE9449F}.2020 Release|Any CPU.ActiveCfg = Release|Any CPU
		{B14292DE-14A1-4A62-89D3-194DACE9449F}.2021 Debug|Any CPU.ActiveCfg = Debug|Any CPU
		{B14292DE-14A1-4A62-89D3-194DACE9449F}.2021 Release|Any CPU.ActiveCfg = Release|Any CPU
		{B14292DE-14A1-4A62-89D3-194DACE9449F}.Debug|Any CPU.ActiveCfg = Debug|Any CPU
		{B14292DE-14A1-4A62-89D3-194DACE9449F}.Debug|Any CPU.Build.0 = Debug|Any CPU
		{B14292DE-14A1-4A62-89D3-194DACE9449F}.Release|Any CPU.ActiveCfg = Release|Any CPU
		{B14292DE-14A1-4A62-89D3-194DACE9449F}.Release|Any CPU.Build.0 = Release|Any CPU
		{B14292DE-14A1-4A62-89D3-194DACE9449F}.X7 Debug|Any CPU.ActiveCfg = Debug|Any CPU
		{B14292DE-14A1-4A62-89D3-194DACE9449F}.X7 Release|Any CPU.ActiveCfg = Release|Any CPU
		{B14292DE-14A1-4A62-89D3-194DACE9449F}.X8 Debug|Any CPU.ActiveCfg = Debug|Any CPU
		{B14292DE-14A1-4A62-89D3-194DACE9449F}.X8 Release|Any CPU.ActiveCfg = Release|Any CPU
		{DAB11488-C9F9-4F3B-A074-B0EB574907FE}.2017 Debug|Any CPU.ActiveCfg = Debug|Any CPU
		{DAB11488-C9F9-4F3B-A074-B0EB574907FE}.2017 Release|Any CPU.ActiveCfg = Release|Any CPU
		{DAB11488-C9F9-4F3B-A074-B0EB574907FE}.2018 Debug|Any CPU.ActiveCfg = Debug|Any CPU
		{DAB11488-C9F9-4F3B-A074-B0EB574907FE}.2018 Release|Any CPU.ActiveCfg = Release|Any CPU
		{DAB11488-C9F9-4F3B-A074-B0EB574907FE}.2019 Debug|Any CPU.ActiveCfg = Debug|Any CPU
		{DAB11488-C9F9-4F3B-A074-B0EB574907FE}.2019 Release|Any CPU.ActiveCfg = Release|Any CPU
		{DAB11488-C9F9-4F3B-A074-B0EB574907FE}.2020 Debug|Any CPU.ActiveCfg = Debug|Any CPU
		{DAB11488-C9F9-4F3B-A074-B0EB574907FE}.2020 Release|Any CPU.ActiveCfg = Release|Any CPU
		{DAB11488-C9F9-4F3B-A074-B0EB574907FE}.2021 Debug|Any CPU.ActiveCfg = Debug|Any CPU
		{DAB11488-C9F9-4F3B-A074-B0EB574907FE}.2021 Release|Any CPU.ActiveCfg = Release|Any CPU
		{DAB11488-C9F9-4F3B-A074-B0EB574907FE}.Debug|Any CPU.ActiveCfg = Debug|Any CPU
		{DAB11488-C9F9-4F3B-A074-B0EB574907FE}.Debug|Any CPU.Build.0 = Debug|Any CPU
		{DAB11488-C9F9-4F3B-A074-B0EB574907FE}.Release|Any CPU.ActiveCfg = Release|Any CPU
		{DAB11488-C9F9-4F3B-A074-B0EB574907FE}.Release|Any CPU.Build.0 = Release|Any CPU
		{DAB11488-C9F9-4F3B-A074-B0EB574907FE}.X7 Debug|Any CPU.ActiveCfg = Debug|Any CPU
		{DAB11488-C9F9-4F3B-A074-B0EB574907FE}.X7 Release|Any CPU.ActiveCfg = Release|Any CPU
		{DAB11488-C9F9-4F3B-A074-B0EB574907FE}.X8 Debug|Any CPU.ActiveCfg = Debug|Any CPU
		{DAB11488-C9F9-4F3B-A074-B0EB574907FE}.X8 Release|Any CPU.ActiveCfg = Release|Any CPU
		{D31AE5C1-39B7-41FD-909A-7FC389B32E11}.2017 Debug|Any CPU.ActiveCfg = Debug|Any CPU
		{D31AE5C1-39B7-41FD-909A-7FC389B32E11}.2017 Release|Any CPU.ActiveCfg = Release|Any CPU
		{D31AE5C1-39B7-41FD-909A-7FC389B32E11}.2018 Debug|Any CPU.ActiveCfg = Debug|Any CPU
		{D31AE5C1-39B7-41FD-909A-7FC389B32E11}.2018 Release|Any CPU.ActiveCfg = Release|Any CPU
		{D31AE5C1-39B7-41FD-909A-7FC389B32E11}.2019 Debug|Any CPU.ActiveCfg = Debug|Any CPU
		{D31AE5C1-39B7-41FD-909A-7FC389B32E11}.2019 Release|Any CPU.ActiveCfg = Release|Any CPU
		{D31AE5C1-39B7-41FD-909A-7FC389B32E11}.2020 Debug|Any CPU.ActiveCfg = Debug|Any CPU
		{D31AE5C1-39B7-41FD-909A-7FC389B32E11}.2020 Release|Any CPU.ActiveCfg = Release|Any CPU
		{D31AE5C1-39B7-41FD-909A-7FC389B32E11}.2021 Debug|Any CPU.ActiveCfg = Debug|Any CPU
		{D31AE5C1-39B7-41FD-909A-7FC389B32E11}.2021 Release|Any CPU.ActiveCfg = Release|Any CPU
		{D31AE5C1-39B7-41FD-909A-7FC389B32E11}.Debug|Any CPU.ActiveCfg = Debug|Any CPU
		{D31AE5C1-39B7-41FD-909A-7FC389B32E11}.Debug|Any CPU.Build.0 = Debug|Any CPU
		{D31AE5C1-39B7-41FD-909A-7FC389B32E11}.Release|Any CPU.ActiveCfg = Release|Any CPU
		{D31AE5C1-39B7-41FD-909A-7FC389B32E11}.Release|Any CPU.Build.0 = Release|Any CPU
		{D31AE5C1-39B7-41FD-909A-7FC389B32E11}.X7 Debug|Any CPU.ActiveCfg = Debug|Any CPU
		{D31AE5C1-39B7-41FD-909A-7FC389B32E11}.X7 Release|Any CPU.ActiveCfg = Release|Any CPU
		{D31AE5C1-39B7-41FD-909A-7FC389B32E11}.X8 Debug|Any CPU.ActiveCfg = Debug|Any CPU
		{D31AE5C1-39B7-41FD-909A-7FC389B32E11}.X8 Release|Any CPU.ActiveCfg = Release|Any CPU
		{C65FDFFA-C4CE-4D4E-8C36-63F3B399B9C5}.2017 Debug|Any CPU.ActiveCfg = Debug|Any CPU
		{C65FDFFA-C4CE-4D4E-8C36-63F3B399B9C5}.2017 Release|Any CPU.ActiveCfg = Release|Any CPU
		{C65FDFFA-C4CE-4D4E-8C36-63F3B399B9C5}.2018 Debug|Any CPU.ActiveCfg = Debug|Any CPU
		{C65FDFFA-C4CE-4D4E-8C36-63F3B399B9C5}.2018 Release|Any CPU.ActiveCfg = Release|Any CPU
		{C65FDFFA-C4CE-4D4E-8C36-63F3B399B9C5}.2019 Debug|Any CPU.ActiveCfg = Debug|Any CPU
		{C65FDFFA-C4CE-4D4E-8C36-63F3B399B9C5}.2019 Release|Any CPU.ActiveCfg = Release|Any CPU
		{C65FDFFA-C4CE-4D4E-8C36-63F3B399B9C5}.2020 Debug|Any CPU.ActiveCfg = Debug|Any CPU
		{C65FDFFA-C4CE-4D4E-8C36-63F3B399B9C5}.2020 Release|Any CPU.ActiveCfg = Release|Any CPU
		{C65FDFFA-C4CE-4D4E-8C36-63F3B399B9C5}.2021 Debug|Any CPU.ActiveCfg = Debug|Any CPU
		{C65FDFFA-C4CE-4D4E-8C36-63F3B399B9C5}.2021 Release|Any CPU.ActiveCfg = Release|Any CPU
		{C65FDFFA-C4CE-4D4E-8C36-63F3B399B9C5}.Debug|Any CPU.ActiveCfg = Debug|Any CPU
		{C65FDFFA-C4CE-4D4E-8C36-63F3B399B9C5}.Debug|Any CPU.Build.0 = Debug|Any CPU
		{C65FDFFA-C4CE-4D4E-8C36-63F3B399B9C5}.Release|Any CPU.ActiveCfg = Release|Any CPU
		{C65FDFFA-C4CE-4D4E-8C36-63F3B399B9C5}.Release|Any CPU.Build.0 = Release|Any CPU
		{C65FDFFA-C4CE-4D4E-8C36-63F3B399B9C5}.X7 Debug|Any CPU.ActiveCfg = Debug|Any CPU
		{C65FDFFA-C4CE-4D4E-8C36-63F3B399B9C5}.X7 Release|Any CPU.ActiveCfg = Release|Any CPU
		{C65FDFFA-C4CE-4D4E-8C36-63F3B399B9C5}.X8 Debug|Any CPU.ActiveCfg = Debug|Any CPU
		{C65FDFFA-C4CE-4D4E-8C36-63F3B399B9C5}.X8 Release|Any CPU.ActiveCfg = Release|Any CPU
		{3AEFCE57-0FBE-4085-A2E4-9FADEFFDC915}.2017 Debug|Any CPU.ActiveCfg = Debug|Any CPU
		{3AEFCE57-0FBE-4085-A2E4-9FADEFFDC915}.2017 Debug|Any CPU.Build.0 = Debug|Any CPU
		{3AEFCE57-0FBE-4085-A2E4-9FADEFFDC915}.2017 Release|Any CPU.ActiveCfg = Release|Any CPU
		{3AEFCE57-0FBE-4085-A2E4-9FADEFFDC915}.2017 Release|Any CPU.Build.0 = Release|Any CPU
		{3AEFCE57-0FBE-4085-A2E4-9FADEFFDC915}.2018 Debug|Any CPU.ActiveCfg = Debug|Any CPU
		{3AEFCE57-0FBE-4085-A2E4-9FADEFFDC915}.2018 Debug|Any CPU.Build.0 = Debug|Any CPU
		{3AEFCE57-0FBE-4085-A2E4-9FADEFFDC915}.2018 Release|Any CPU.ActiveCfg = Release|Any CPU
		{3AEFCE57-0FBE-4085-A2E4-9FADEFFDC915}.2018 Release|Any CPU.Build.0 = Release|Any CPU
		{3AEFCE57-0FBE-4085-A2E4-9FADEFFDC915}.2019 Debug|Any CPU.ActiveCfg = Debug|Any CPU
		{3AEFCE57-0FBE-4085-A2E4-9FADEFFDC915}.2019 Debug|Any CPU.Build.0 = Debug|Any CPU
		{3AEFCE57-0FBE-4085-A2E4-9FADEFFDC915}.2019 Release|Any CPU.ActiveCfg = Release|Any CPU
		{3AEFCE57-0FBE-4085-A2E4-9FADEFFDC915}.2019 Release|Any CPU.Build.0 = Release|Any CPU
		{3AEFCE57-0FBE-4085-A2E4-9FADEFFDC915}.2020 Debug|Any CPU.ActiveCfg = Debug|Any CPU
		{3AEFCE57-0FBE-4085-A2E4-9FADEFFDC915}.2020 Debug|Any CPU.Build.0 = Debug|Any CPU
		{3AEFCE57-0FBE-4085-A2E4-9FADEFFDC915}.2020 Release|Any CPU.ActiveCfg = Release|Any CPU
		{3AEFCE57-0FBE-4085-A2E4-9FADEFFDC915}.2020 Release|Any CPU.Build.0 = Release|Any CPU
		{3AEFCE57-0FBE-4085-A2E4-9FADEFFDC915}.2021 Debug|Any CPU.ActiveCfg = Debug|Any CPU
		{3AEFCE57-0FBE-4085-A2E4-9FADEFFDC915}.2021 Debug|Any CPU.Build.0 = Debug|Any CPU
		{3AEFCE57-0FBE-4085-A2E4-9FADEFFDC915}.2021 Release|Any CPU.ActiveCfg = Release|Any CPU
		{3AEFCE57-0FBE-4085-A2E4-9FADEFFDC915}.2021 Release|Any CPU.Build.0 = Release|Any CPU
		{3AEFCE57-0FBE-4085-A2E4-9FADEFFDC915}.Debug|Any CPU.ActiveCfg = Debug|Any CPU
		{3AEFCE57-0FBE-4085-A2E4-9FADEFFDC915}.Debug|Any CPU.Build.0 = Debug|Any CPU
		{3AEFCE57-0FBE-4085-A2E4-9FADEFFDC915}.Release|Any CPU.ActiveCfg = Release|Any CPU
		{3AEFCE57-0FBE-4085-A2E4-9FADEFFDC915}.Release|Any CPU.Build.0 = Release|Any CPU
		{3AEFCE57-0FBE-4085-A2E4-9FADEFFDC915}.X7 Debug|Any CPU.ActiveCfg = Debug|Any CPU
		{3AEFCE57-0FBE-4085-A2E4-9FADEFFDC915}.X7 Debug|Any CPU.Build.0 = Debug|Any CPU
		{3AEFCE57-0FBE-4085-A2E4-9FADEFFDC915}.X7 Release|Any CPU.ActiveCfg = Release|Any CPU
		{3AEFCE57-0FBE-4085-A2E4-9FADEFFDC915}.X7 Release|Any CPU.Build.0 = Release|Any CPU
		{3AEFCE57-0FBE-4085-A2E4-9FADEFFDC915}.X8 Debug|Any CPU.ActiveCfg = Debug|Any CPU
		{3AEFCE57-0FBE-4085-A2E4-9FADEFFDC915}.X8 Debug|Any CPU.Build.0 = Debug|Any CPU
		{3AEFCE57-0FBE-4085-A2E4-9FADEFFDC915}.X8 Release|Any CPU.ActiveCfg = Release|Any CPU
		{3AEFCE57-0FBE-4085-A2E4-9FADEFFDC915}.X8 Release|Any CPU.Build.0 = Release|Any CPU
		{734F7AD3-3546-499D-BB3D-92B65176DB54}.2017 Debug|Any CPU.ActiveCfg = 2017 Debug|Any CPU
		{734F7AD3-3546-499D-BB3D-92B65176DB54}.2017 Debug|Any CPU.Build.0 = 2017 Debug|Any CPU
		{734F7AD3-3546-499D-BB3D-92B65176DB54}.2017 Release|Any CPU.ActiveCfg = 2017 Release|Any CPU
		{734F7AD3-3546-499D-BB3D-92B65176DB54}.2017 Release|Any CPU.Build.0 = 2017 Release|Any CPU
		{734F7AD3-3546-499D-BB3D-92B65176DB54}.2018 Debug|Any CPU.ActiveCfg = 2018 Debug|Any CPU
		{734F7AD3-3546-499D-BB3D-92B65176DB54}.2018 Debug|Any CPU.Build.0 = 2018 Debug|Any CPU
		{734F7AD3-3546-499D-BB3D-92B65176DB54}.2018 Release|Any CPU.ActiveCfg = 2018 Release|Any CPU
		{734F7AD3-3546-499D-BB3D-92B65176DB54}.2018 Release|Any CPU.Build.0 = 2018 Release|Any CPU
		{734F7AD3-3546-499D-BB3D-92B65176DB54}.2019 Debug|Any CPU.ActiveCfg = 2019 Debug|Any CPU
		{734F7AD3-3546-499D-BB3D-92B65176DB54}.2019 Debug|Any CPU.Build.0 = 2019 Debug|Any CPU
		{734F7AD3-3546-499D-BB3D-92B65176DB54}.2019 Release|Any CPU.ActiveCfg = 2019 Release|Any CPU
		{734F7AD3-3546-499D-BB3D-92B65176DB54}.2019 Release|Any CPU.Build.0 = 2019 Release|Any CPU
		{734F7AD3-3546-499D-BB3D-92B65176DB54}.2020 Debug|Any CPU.ActiveCfg = 2020 Debug|Any CPU
		{734F7AD3-3546-499D-BB3D-92B65176DB54}.2020 Debug|Any CPU.Build.0 = 2020 Debug|Any CPU
		{734F7AD3-3546-499D-BB3D-92B65176DB54}.2020 Release|Any CPU.ActiveCfg = 2020 Release|Any CPU
		{734F7AD3-3546-499D-BB3D-92B65176DB54}.2020 Release|Any CPU.Build.0 = 2020 Release|Any CPU
		{734F7AD3-3546-499D-BB3D-92B65176DB54}.2021 Debug|Any CPU.ActiveCfg = 2021 Debug|Any CPU
		{734F7AD3-3546-499D-BB3D-92B65176DB54}.2021 Debug|Any CPU.Build.0 = 2021 Debug|Any CPU
		{734F7AD3-3546-499D-BB3D-92B65176DB54}.2021 Release|Any CPU.ActiveCfg = 2021 Release|Any CPU
		{734F7AD3-3546-499D-BB3D-92B65176DB54}.2021 Release|Any CPU.Build.0 = 2021 Release|Any CPU
		{734F7AD3-3546-499D-BB3D-92B65176DB54}.Debug|Any CPU.ActiveCfg = Debug|Any CPU
		{734F7AD3-3546-499D-BB3D-92B65176DB54}.Debug|Any CPU.Build.0 = Debug|Any CPU
		{734F7AD3-3546-499D-BB3D-92B65176DB54}.Release|Any CPU.ActiveCfg = X7 Release|Any CPU
		{734F7AD3-3546-499D-BB3D-92B65176DB54}.Release|Any CPU.Build.0 = X7 Release|Any CPU
		{734F7AD3-3546-499D-BB3D-92B65176DB54}.X7 Debug|Any CPU.ActiveCfg = X7 Debug|Any CPU
		{734F7AD3-3546-499D-BB3D-92B65176DB54}.X7 Debug|Any CPU.Build.0 = X7 Debug|Any CPU
		{734F7AD3-3546-499D-BB3D-92B65176DB54}.X7 Release|Any CPU.ActiveCfg = X7 Release|Any CPU
		{734F7AD3-3546-499D-BB3D-92B65176DB54}.X7 Release|Any CPU.Build.0 = X7 Release|Any CPU
		{734F7AD3-3546-499D-BB3D-92B65176DB54}.X8 Debug|Any CPU.ActiveCfg = X8 Debug|Any CPU
		{734F7AD3-3546-499D-BB3D-92B65176DB54}.X8 Debug|Any CPU.Build.0 = X8 Debug|Any CPU
		{734F7AD3-3546-499D-BB3D-92B65176DB54}.X8 Release|Any CPU.ActiveCfg = X8 Release|Any CPU
		{734F7AD3-3546-499D-BB3D-92B65176DB54}.X8 Release|Any CPU.Build.0 = X8 Release|Any CPU
	EndGlobalSection
	GlobalSection(SolutionProperties) = preSolution
		HideSolutionNode = FALSE
	EndGlobalSection
	GlobalSection(ExtensibilityGlobals) = postSolution
		SolutionGuid = {D13F49C0-31D4-493D-9A7C-BF5C725CD396}
	EndGlobalSection
EndGlobal
