
Microsoft Visual Studio Solution File, Format Version 12.00
# Visual Studio Version 16
VisualStudioVersion = 16.0.31205.134
MinimumVisualStudioVersion = 10.0.40219.1
Project("{FAE04EC0-301F-11D3-BF4B-00C04F79EFBC}") = "SampleDockerCS2", "SampleDockerCS2.csproj", "{734F7AD3-3546-499D-BB3D-92B65176DB54}"
EndProject
Global
	GlobalSection(SolutionConfigurationPlatforms) = preSolution
		2020 Debug|Any CPU = 2020 Debug|Any CPU
		2020 Release|Any CPU = 2020 Release|Any CPU
	EndGlobalSection
	GlobalSection(ProjectConfigurationPlatforms) = postSolution
		{734F7AD3-3546-499D-BB3D-92B65176DB54}.2020 Debug|Any CPU.ActiveCfg = 2020 Debug|Any CPU
		{734F7AD3-3546-499D-BB3D-92B65176DB54}.2020 Debug|Any CPU.Build.0 = 2020 Debug|Any CPU
		{734F7AD3-3546-499D-BB3D-92B65176DB54}.2020 Release|Any CPU.ActiveCfg = 2020 Release|Any CPU
		{734F7AD3-3546-499D-BB3D-92B65176DB54}.2020 Release|Any CPU.Build.0 = 2020 Release|Any CPU
	EndGlobalSection
	GlobalSection(SolutionProperties) = preSolution
		HideSolutionNode = FALSE
	EndGlobalSection
	GlobalSection(ExtensibilityGlobals) = postSolution
		SolutionGuid = {6A2A564B-5764-48AC-BCD6-F2C52B4010E9}
	EndGlobalSection
EndGlobal
